
Microsoft Visual Studio Solution File, Format Version 12.00
# Visual Studio Version 17
VisualStudioVersion = 17.7.34202.233
MinimumVisualStudioVersion = 10.0.40219.1
Project("{FAE04EC0-301F-11D3-BF4B-00C04F79EFBC}") = "PracticeAndRetraining", "PracticeAndRetraining.csproj", "{C01D3439-3AD9-424E-A638-76CF1FB88A65}"
EndProject
Global
	GlobalSection(SolutionConfigurationPlatforms) = preSolution
		Debug|Any CPU = Debug|Any CPU
		Release|Any CPU = Release|Any CPU
	EndGlobalSection
	GlobalSection(ProjectConfigurationPlatforms) = postSolution
		{C01D3439-3AD9-424E-A638-76CF1FB88A65}.Debug|Any CPU.ActiveCfg = Debug|Any CPU
		{C01D3439-3AD9-424E-A638-76CF1FB88A65}.Debug|Any CPU.Build.0 = Debug|Any CPU
		{C01D3439-3AD9-424E-A638-76CF1FB88A65}.Release|Any CPU.ActiveCfg = Release|Any CPU
		{C01D3439-3AD9-424E-A638-76CF1FB88A65}.Release|Any CPU.Build.0 = Release|Any CPU
	EndGlobalSection
	GlobalSection(SolutionProperties) = preSolution
		HideSolutionNode = FALSE
	EndGlobalSection
	GlobalSection(ExtensibilityGlobals) = postSolution
		SolutionGuid = {09BBD28E-D82D-4694-A892-DF47940BFCF7}
	EndGlobalSection
EndGlobal
